
Microsoft Visual Studio Solution File, Format Version 12.00
# Visual Studio Version 17
VisualStudioVersion = 17.9.34728.123
MinimumVisualStudioVersion = 10.0.40219.1
Project("{FAE04EC0-301F-11D3-BF4B-00C04F79EFBC}") = "Homework3", "Homework3\Homework3.csproj", "{452F157B-D7F5-41FB-A14A-59FAEC3B5788}"
EndProject
Global
	GlobalSection(SolutionConfigurationPlatforms) = preSolution
		Debug|Any CPU = Debug|Any CPU
		Release|Any CPU = Release|Any CPU
	EndGlobalSection
	GlobalSection(ProjectConfigurationPlatforms) = postSolution
		{452F157B-D7F5-41FB-A14A-59FAEC3B5788}.Debug|Any CPU.ActiveCfg = Debug|Any CPU
		{452F157B-D7F5-41FB-A14A-59FAEC3B5788}.Debug|Any CPU.Build.0 = Debug|Any CPU
		{452F157B-D7F5-41FB-A14A-59FAEC3B5788}.Release|Any CPU.ActiveCfg = Release|Any CPU
		{452F157B-D7F5-41FB-A14A-59FAEC3B5788}.Release|Any CPU.Build.0 = Release|Any CPU
	EndGlobalSection
	GlobalSection(SolutionProperties) = preSolution
		HideSolutionNode = FALSE
	EndGlobalSection
	GlobalSection(ExtensibilityGlobals) = postSolution
		SolutionGuid = {73871212-5F71-45E5-96F9-81BC72D94CED}
	EndGlobalSection
EndGlobal
